{
    "version": 3,
    "terraform_version": "0.11.2",
    "serial": 8,
    "lineage": "9e0e5842-6b24-4635-9943-d10861bc8211",
    "modules": [
        {
            "path": [
                "root"
            ],
            "outputs": {},
            "resources": {
                "aws_security_group.jupyter_notebook_sg": {
                    "type": "aws_security_group",
                    "depends_on": [],
                    "primary": {
                        "id": "sg-cb09c6bd",
                        "attributes": {
                            "description": "Managed by Terraform",
                            "egress.#": "1",
                            "egress.482069346.cidr_blocks.#": "1",
                            "egress.482069346.cidr_blocks.0": "0.0.0.0/0",
                            "egress.482069346.from_port": "0",
                            "egress.482069346.ipv6_cidr_blocks.#": "0",
                            "egress.482069346.prefix_list_ids.#": "0",
                            "egress.482069346.protocol": "-1",
                            "egress.482069346.security_groups.#": "0",
                            "egress.482069346.self": "false",
                            "egress.482069346.to_port": "0",
                            "id": "sg-cb09c6bd",
                            "ingress.#": "2",
                            "ingress.2541437006.cidr_blocks.#": "1",
                            "ingress.2541437006.cidr_blocks.0": "0.0.0.0/0",
                            "ingress.2541437006.from_port": "22",
                            "ingress.2541437006.ipv6_cidr_blocks.#": "0",
                            "ingress.2541437006.protocol": "tcp",
                            "ingress.2541437006.security_groups.#": "0",
                            "ingress.2541437006.self": "false",
                            "ingress.2541437006.to_port": "22",
                            "ingress.433339597.cidr_blocks.#": "1",
                            "ingress.433339597.cidr_blocks.0": "0.0.0.0/0",
                            "ingress.433339597.from_port": "8888",
                            "ingress.433339597.ipv6_cidr_blocks.#": "0",
                            "ingress.433339597.protocol": "tcp",
                            "ingress.433339597.security_groups.#": "0",
                            "ingress.433339597.self": "false",
                            "ingress.433339597.to_port": "8888",
                            "name": "jupyter_notebook_sg",
                            "owner_id": "580501780015",
                            "tags.%": "0",
                            "vpc_id": "vpc-ecaf5b88"
                        },
                        "meta": {},
                        "tainted": false
                    },
                    "deposed": [],
                    "provider": "provider.aws"
                }
            },
            "depends_on": []
        }
    ]
}
